// !$*UTF8*$!
{
	archiveVersion = 1;
	classes = {
	};
	objectVersion = 46;
	objects = {

/* Begin PBXBuildFile section */
		77061C5E1FDA93EA00F3ED91 /* IETimetabling.swift in Sources */ = {isa = PBXBuildFile; fileRef = 77061C5D1FDA93EA00F3ED91 /* IETimetabling.swift */; };
		77061C651FDA9DA500F3ED91 /* CollectionViewItem.xib in Resources */ = {isa = PBXBuildFile; fileRef = 77061C631FDA9DA500F3ED91 /* CollectionViewItem.xib */; };
		77061C661FDA9DA500F3ED91 /* CollectionViewItem.swift in Sources */ = {isa = PBXBuildFile; fileRef = 77061C641FDA9DA500F3ED91 /* CollectionViewItem.swift */; };
		77061C681FDA9EEA00F3ED91 /* Timetabling.swift in Sources */ = {isa = PBXBuildFile; fileRef = 77061C671FDA9EEA00F3ED91 /* Timetabling.swift */; };
		7707C6C21FED161B00AEE89E /* BinPackObjC.m in Sources */ = {isa = PBXBuildFile; fileRef = 7707C6C11FED161B00AEE89E /* BinPackObjC.m */; };
		774F36551FADBC68008497D6 /* AppDelegate.swift in Sources */ = {isa = PBXBuildFile; fileRef = 774F36541FADBC68008497D6 /* AppDelegate.swift */; };
		774F36571FADBC68008497D6 /* ViewController.swift in Sources */ = {isa = PBXBuildFile; fileRef = 774F36561FADBC68008497D6 /* ViewController.swift */; };
		774F36591FADBC68008497D6 /* Assets.xcassets in Resources */ = {isa = PBXBuildFile; fileRef = 774F36581FADBC68008497D6 /* Assets.xcassets */; };
		774F365C1FADBC68008497D6 /* Main.storyboard in Resources */ = {isa = PBXBuildFile; fileRef = 774F365A1FADBC68008497D6 /* Main.storyboard */; };
		774F36641FADBD2C008497D6 /* OrderBased.swift in Sources */ = {isa = PBXBuildFile; fileRef = 774F36631FADBD2C008497D6 /* OrderBased.swift */; };
		774F36661FADF507008497D6 /* Sequence.swift in Sources */ = {isa = PBXBuildFile; fileRef = 774F36651FADF507008497D6 /* Sequence.swift */; };
		774F36681FAE4D88008497D6 /* TextFieldFormatter.swift in Sources */ = {isa = PBXBuildFile; fileRef = 774F36671FAE4D88008497D6 /* TextFieldFormatter.swift */; };
		774F366B1FAE4FEC008497D6 /* PositionBasedVC.swift in Sources */ = {isa = PBXBuildFile; fileRef = 774F366A1FAE4FEC008497D6 /* PositionBasedVC.swift */; };
		774F366F1FAE533C008497D6 /* PositionBased.swift in Sources */ = {isa = PBXBuildFile; fileRef = 774F366E1FAE533C008497D6 /* PositionBased.swift */; };
		774F36771FAF1EF0008497D6 /* OnePointCrossoverVC.swift in Sources */ = {isa = PBXBuildFile; fileRef = 774F36761FAF1EF0008497D6 /* OnePointCrossoverVC.swift */; };
		774F36791FAF1F16008497D6 /* OnePointCrossover.swift in Sources */ = {isa = PBXBuildFile; fileRef = 774F36781FAF1F16008497D6 /* OnePointCrossover.swift */; };
		774F367C1FAF5E46008497D6 /* TwoPointCrossOver.swift in Sources */ = {isa = PBXBuildFile; fileRef = 774F367B1FAF5E46008497D6 /* TwoPointCrossOver.swift */; };
		774F367E1FAF5E5C008497D6 /* TwoPointCrossOverVC.swift in Sources */ = {isa = PBXBuildFile; fileRef = 774F367D1FAF5E5C008497D6 /* TwoPointCrossOverVC.swift */; };
		774F36811FAFABD9008497D6 /* OrderBasedMutationVC.swift in Sources */ = {isa = PBXBuildFile; fileRef = 774F36801FAFABD9008497D6 /* OrderBasedMutationVC.swift */; };
		774F36831FAFABE2008497D6 /* OrderBasedMutation.swift in Sources */ = {isa = PBXBuildFile; fileRef = 774F36821FAFABE2008497D6 /* OrderBasedMutation.swift */; };
		7791D01A1FD3F6810012D70D /* SolutionILS.swift in Sources */ = {isa = PBXBuildFile; fileRef = 7791D0191FD3F6810012D70D /* SolutionILS.swift */; };
		7791D01C1FD3F7100012D70D /* ILSViewController.swift in Sources */ = {isa = PBXBuildFile; fileRef = 7791D01B1FD3F7100012D70D /* ILSViewController.swift */; };
		77AF4D631FED3B0600E691A5 /* BinPackModel.m in Sources */ = {isa = PBXBuildFile; fileRef = 77AF4D621FED3B0600E691A5 /* BinPackModel.m */; };
		77B6837B1FC2193C00035679 /* Permutator.swift in Sources */ = {isa = PBXBuildFile; fileRef = 77B6837A1FC2193C00035679 /* Permutator.swift */; };
		77B6837D1FC2198500035679 /* NeighbourhoodVC.swift in Sources */ = {isa = PBXBuildFile; fileRef = 77B6837C1FC2198500035679 /* NeighbourhoodVC.swift */; };
		77C18C921FEA507200829579 /* BinPackingHeuristics.swift in Sources */ = {isa = PBXBuildFile; fileRef = 77C18C911FEA507200829579 /* BinPackingHeuristics.swift */; };
		77C18C941FEA962600829579 /* BinPacking.swift in Sources */ = {isa = PBXBuildFile; fileRef = 77C18C931FEA962600829579 /* BinPacking.swift */; };
		77C18C961FEC717E00829579 /* String.swift in Sources */ = {isa = PBXBuildFile; fileRef = 77C18C951FEC717E00829579 /* String.swift */; };
/* End PBXBuildFile section */

/* Begin PBXFileReference section */
		77061C5D1FDA93EA00F3ED91 /* IETimetabling.swift */ = {isa = PBXFileReference; fileEncoding = 4; lastKnownFileType = sourcecode.swift; path = IETimetabling.swift; sourceTree = "<group>"; };
		77061C631FDA9DA500F3ED91 /* CollectionViewItem.xib */ = {isa = PBXFileReference; fileEncoding = 4; lastKnownFileType = file.xib; path = CollectionViewItem.xib; sourceTree = "<group>"; };
		77061C641FDA9DA500F3ED91 /* CollectionViewItem.swift */ = {isa = PBXFileReference; fileEncoding = 4; lastKnownFileType = sourcecode.swift; path = CollectionViewItem.swift; sourceTree = "<group>"; };
		77061C671FDA9EEA00F3ED91 /* Timetabling.swift */ = {isa = PBXFileReference; fileEncoding = 4; lastKnownFileType = sourcecode.swift; path = Timetabling.swift; sourceTree = "<group>"; };
		7707C6BF1FED161B00AEE89E /* Algoritme-Bridging-Header.h */ = {isa = PBXFileReference; lastKnownFileType = sourcecode.c.h; path = "Algoritme-Bridging-Header.h"; sourceTree = "<group>"; };
		7707C6C01FED161B00AEE89E /* BinPackObjC.h */ = {isa = PBXFileReference; fileEncoding = 4; lastKnownFileType = sourcecode.c.h; path = BinPackObjC.h; sourceTree = "<group>"; };
		7707C6C11FED161B00AEE89E /* BinPackObjC.m */ = {isa = PBXFileReference; fileEncoding = 4; lastKnownFileType = sourcecode.c.objc; path = BinPackObjC.m; sourceTree = "<group>"; };
		774F36511FADBC68008497D6 /* Algoritme.app */ = {isa = PBXFileReference; explicitFileType = wrapper.application; includeInIndex = 0; path = Algoritme.app; sourceTree = BUILT_PRODUCTS_DIR; };
		774F36541FADBC68008497D6 /* AppDelegate.swift */ = {isa = PBXFileReference; lastKnownFileType = sourcecode.swift; path = AppDelegate.swift; sourceTree = "<group>"; };
		774F36561FADBC68008497D6 /* ViewController.swift */ = {isa = PBXFileReference; lastKnownFileType = sourcecode.swift; path = ViewController.swift; sourceTree = "<group>"; };
		774F36581FADBC68008497D6 /* Assets.xcassets */ = {isa = PBXFileReference; lastKnownFileType = folder.assetcatalog; path = Assets.xcassets; sourceTree = "<group>"; };
		774F365B1FADBC68008497D6 /* Base */ = {isa = PBXFileReference; lastKnownFileType = file.storyboard; name = Base; path = Base.lproj/Main.storyboard; sourceTree = "<group>"; };
		774F365D1FADBC68008497D6 /* Info.plist */ = {isa = PBXFileReference; lastKnownFileType = text.plist.xml; path = Info.plist; sourceTree = "<group>"; };
		774F36631FADBD2C008497D6 /* OrderBased.swift */ = {isa = PBXFileReference; fileEncoding = 4; lastKnownFileType = sourcecode.swift; path = OrderBased.swift; sourceTree = "<group>"; };
		774F36651FADF507008497D6 /* Sequence.swift */ = {isa = PBXFileReference; fileEncoding = 4; lastKnownFileType = sourcecode.swift; path = Sequence.swift; sourceTree = "<group>"; };
		774F36671FAE4D88008497D6 /* TextFieldFormatter.swift */ = {isa = PBXFileReference; fileEncoding = 4; lastKnownFileType = sourcecode.swift; path = TextFieldFormatter.swift; sourceTree = "<group>"; };
		774F366A1FAE4FEC008497D6 /* PositionBasedVC.swift */ = {isa = PBXFileReference; fileEncoding = 4; lastKnownFileType = sourcecode.swift; path = PositionBasedVC.swift; sourceTree = "<group>"; };
		774F366E1FAE533C008497D6 /* PositionBased.swift */ = {isa = PBXFileReference; fileEncoding = 4; lastKnownFileType = sourcecode.swift; path = PositionBased.swift; sourceTree = "<group>"; };
		774F36761FAF1EF0008497D6 /* OnePointCrossoverVC.swift */ = {isa = PBXFileReference; fileEncoding = 4; lastKnownFileType = sourcecode.swift; path = OnePointCrossoverVC.swift; sourceTree = "<group>"; };
		774F36781FAF1F16008497D6 /* OnePointCrossover.swift */ = {isa = PBXFileReference; fileEncoding = 4; lastKnownFileType = sourcecode.swift; path = OnePointCrossover.swift; sourceTree = "<group>"; };
		774F367B1FAF5E46008497D6 /* TwoPointCrossOver.swift */ = {isa = PBXFileReference; fileEncoding = 4; lastKnownFileType = sourcecode.swift; path = TwoPointCrossOver.swift; sourceTree = "<group>"; };
		774F367D1FAF5E5C008497D6 /* TwoPointCrossOverVC.swift */ = {isa = PBXFileReference; fileEncoding = 4; lastKnownFileType = sourcecode.swift; path = TwoPointCrossOverVC.swift; sourceTree = "<group>"; };
		774F36801FAFABD9008497D6 /* OrderBasedMutationVC.swift */ = {isa = PBXFileReference; fileEncoding = 4; lastKnownFileType = sourcecode.swift; path = OrderBasedMutationVC.swift; sourceTree = "<group>"; };
		774F36821FAFABE2008497D6 /* OrderBasedMutation.swift */ = {isa = PBXFileReference; fileEncoding = 4; lastKnownFileType = sourcecode.swift; path = OrderBasedMutation.swift; sourceTree = "<group>"; };
		7791D0191FD3F6810012D70D /* SolutionILS.swift */ = {isa = PBXFileReference; fileEncoding = 4; lastKnownFileType = sourcecode.swift; path = SolutionILS.swift; sourceTree = "<group>"; };
		7791D01B1FD3F7100012D70D /* ILSViewController.swift */ = {isa = PBXFileReference; fileEncoding = 4; lastKnownFileType = sourcecode.swift; path = ILSViewController.swift; sourceTree = "<group>"; };
		77AF4D611FED3B0600E691A5 /* BinPackModel.h */ = {isa = PBXFileReference; fileEncoding = 4; lastKnownFileType = sourcecode.c.h; path = BinPackModel.h; sourceTree = "<group>"; };
		77AF4D621FED3B0600E691A5 /* BinPackModel.m */ = {isa = PBXFileReference; fileEncoding = 4; lastKnownFileType = sourcecode.c.objc; path = BinPackModel.m; sourceTree = "<group>"; };
		77B6837A1FC2193C00035679 /* Permutator.swift */ = {isa = PBXFileReference; fileEncoding = 4; lastKnownFileType = sourcecode.swift; path = Permutator.swift; sourceTree = "<group>"; };
		77B6837C1FC2198500035679 /* NeighbourhoodVC.swift */ = {isa = PBXFileReference; fileEncoding = 4; lastKnownFileType = sourcecode.swift; path = NeighbourhoodVC.swift; sourceTree = "<group>"; };
		77C18C911FEA507200829579 /* BinPackingHeuristics.swift */ = {isa = PBXFileReference; fileEncoding = 4; lastKnownFileType = sourcecode.swift; path = BinPackingHeuristics.swift; sourceTree = "<group>"; };
		77C18C931FEA962600829579 /* BinPacking.swift */ = {isa = PBXFileReference; fileEncoding = 4; lastKnownFileType = sourcecode.swift; path = BinPacking.swift; sourceTree = "<group>"; };
		77C18C951FEC717E00829579 /* String.swift */ = {isa = PBXFileReference; fileEncoding = 4; lastKnownFileType = sourcecode.swift; path = String.swift; sourceTree = "<group>"; };
/* End PBXFileReference section */

/* Begin PBXFrameworksBuildPhase section */
		774F364E1FADBC68008497D6 /* Frameworks */ = {
			isa = PBXFrameworksBuildPhase;
			buildActionMask = 2147483647;
			files = (
			);
			runOnlyForDeploymentPostprocessing = 0;
		};
/* End PBXFrameworksBuildPhase section */

/* Begin PBXGroup section */
		77061C5C1FDA937B00F3ED91 /* Timetabling */ = {
			isa = PBXGroup;
			children = (
				77061C5D1FDA93EA00F3ED91 /* IETimetabling.swift */,
				77061C631FDA9DA500F3ED91 /* CollectionViewItem.xib */,
				77061C641FDA9DA500F3ED91 /* CollectionViewItem.swift */,
				77061C671FDA9EEA00F3ED91 /* Timetabling.swift */,
			);
			name = Timetabling;
			sourceTree = "<group>";
		};
		774F36481FADBC68008497D6 = {
			isa = PBXGroup;
			children = (
				774F36531FADBC68008497D6 /* Algoritme */,
				774F36521FADBC68008497D6 /* Products */,
			);
			sourceTree = "<group>";
		};
		774F36521FADBC68008497D6 /* Products */ = {
			isa = PBXGroup;
			children = (
				774F36511FADBC68008497D6 /* Algoritme.app */,
			);
			name = Products;
			sourceTree = "<group>";
		};
		774F36531FADBC68008497D6 /* Algoritme */ = {
			isa = PBXGroup;
			children = (
				77C18C901FEA500A00829579 /* Bin Packing Heuristics */,
				77061C5C1FDA937B00F3ED91 /* Timetabling */,
				774F36541FADBC68008497D6 /* AppDelegate.swift */,
				7791D0181FD3F6630012D70D /* ILS */,
				77B683791FC192EB00035679 /* Neighbourhoods */,
				774F36751FAF1ECF008497D6 /* OnePoint Crossover */,
				774F367A1FAF5E20008497D6 /* TwoPoint Crossover */,
				774F366D1FAE5323008497D6 /* Position Based Crossover */,
				774F366C1FAE530D008497D6 /* K-gene OrderBased Crossover */,
				774F367F1FAFAB9E008497D6 /* OrderBased Mutation */,
				774F36701FAF1824008497D6 /* View */,
				774F36691FAE4ED3008497D6 /* Utils */,
				774F365D1FADBC68008497D6 /* Info.plist */,
			);
			path = Algoritme;
			sourceTree = "<group>";
		};
		774F36691FAE4ED3008497D6 /* Utils */ = {
			isa = PBXGroup;
			children = (
				77B6837A1FC2193C00035679 /* Permutator.swift */,
				774F36651FADF507008497D6 /* Sequence.swift */,
				774F36671FAE4D88008497D6 /* TextFieldFormatter.swift */,
				77C18C951FEC717E00829579 /* String.swift */,
			);
			name = Utils;
			sourceTree = "<group>";
		};
		774F366C1FAE530D008497D6 /* K-gene OrderBased Crossover */ = {
			isa = PBXGroup;
			children = (
				774F36561FADBC68008497D6 /* ViewController.swift */,
				774F36631FADBD2C008497D6 /* OrderBased.swift */,
			);
			name = "K-gene OrderBased Crossover";
			sourceTree = "<group>";
		};
		774F366D1FAE5323008497D6 /* Position Based Crossover */ = {
			isa = PBXGroup;
			children = (
				774F366A1FAE4FEC008497D6 /* PositionBasedVC.swift */,
				774F366E1FAE533C008497D6 /* PositionBased.swift */,
			);
			name = "Position Based Crossover";
			sourceTree = "<group>";
		};
		774F36701FAF1824008497D6 /* View */ = {
			isa = PBXGroup;
			children = (
				774F36581FADBC68008497D6 /* Assets.xcassets */,
				774F365A1FADBC68008497D6 /* Main.storyboard */,
			);
			name = View;
			sourceTree = "<group>";
		};
		774F36751FAF1ECF008497D6 /* OnePoint Crossover */ = {
			isa = PBXGroup;
			children = (
				774F36761FAF1EF0008497D6 /* OnePointCrossoverVC.swift */,
				774F36781FAF1F16008497D6 /* OnePointCrossover.swift */,
			);
			name = "OnePoint Crossover";
			sourceTree = "<group>";
		};
		774F367A1FAF5E20008497D6 /* TwoPoint Crossover */ = {
			isa = PBXGroup;
			children = (
				774F367B1FAF5E46008497D6 /* TwoPointCrossOver.swift */,
				774F367D1FAF5E5C008497D6 /* TwoPointCrossOverVC.swift */,
			);
			name = "TwoPoint Crossover";
			sourceTree = "<group>";
		};
		774F367F1FAFAB9E008497D6 /* OrderBased Mutation */ = {
			isa = PBXGroup;
			children = (
				774F36801FAFABD9008497D6 /* OrderBasedMutationVC.swift */,
				774F36821FAFABE2008497D6 /* OrderBasedMutation.swift */,
			);
			name = "OrderBased Mutation";
			sourceTree = "<group>";
		};
		7791D0181FD3F6630012D70D /* ILS */ = {
			isa = PBXGroup;
			children = (
				7791D0191FD3F6810012D70D /* SolutionILS.swift */,
				7791D01B1FD3F7100012D70D /* ILSViewController.swift */,
			);
			name = ILS;
			sourceTree = "<group>";
		};
		77B683791FC192EB00035679 /* Neighbourhoods */ = {
			isa = PBXGroup;
			children = (
				77B6837C1FC2198500035679 /* NeighbourhoodVC.swift */,
			);
			name = Neighbourhoods;
			sourceTree = "<group>";
		};
		77C18C901FEA500A00829579 /* Bin Packing Heuristics */ = {
			isa = PBXGroup;
			children = (
				77C18C911FEA507200829579 /* BinPackingHeuristics.swift */,
				77C18C931FEA962600829579 /* BinPacking.swift */,
				7707C6C01FED161B00AEE89E /* BinPackObjC.h */,
				7707C6C11FED161B00AEE89E /* BinPackObjC.m */,
				7707C6BF1FED161B00AEE89E /* Algoritme-Bridging-Header.h */,
				77AF4D611FED3B0600E691A5 /* BinPackModel.h */,
				77AF4D621FED3B0600E691A5 /* BinPackModel.m */,
			);
			name = "Bin Packing Heuristics";
			sourceTree = "<group>";
		};
/* End PBXGroup section */

/* Begin PBXNativeTarget section */
		774F36501FADBC68008497D6 /* Algoritme */ = {
			isa = PBXNativeTarget;
			buildConfigurationList = 774F36601FADBC68008497D6 /* Build configuration list for PBXNativeTarget "Algoritme" */;
			buildPhases = (
				774F364D1FADBC68008497D6 /* Sources */,
				774F364E1FADBC68008497D6 /* Frameworks */,
				774F364F1FADBC68008497D6 /* Resources */,
			);
			buildRules = (
			);
			dependencies = (
			);
			name = Algoritme;
			productName = Algoritme;
			productReference = 774F36511FADBC68008497D6 /* Algoritme.app */;
			productType = "com.apple.product-type.application";
		};
/* End PBXNativeTarget section */

/* Begin PBXProject section */
		774F36491FADBC68008497D6 /* Project object */ = {
			isa = PBXProject;
			attributes = {
				LastSwiftUpdateCheck = 0820;
				LastUpgradeCheck = 0820;
				ORGANIZATIONNAME = Overjump;
				TargetAttributes = {
					774F36501FADBC68008497D6 = {
						CreatedOnToolsVersion = 8.2.1;
						DevelopmentTeam = A4L93BSQEG;
						LastSwiftMigration = 0820;
						ProvisioningStyle = Automatic;
					};
				};
			};
			buildConfigurationList = 774F364C1FADBC68008497D6 /* Build configuration list for PBXProject "Algoritme" */;
			compatibilityVersion = "Xcode 3.2";
			developmentRegion = English;
			hasScannedForEncodings = 0;
			knownRegions = (
				en,
				Base,
			);
			mainGroup = 774F36481FADBC68008497D6;
			productRefGroup = 774F36521FADBC68008497D6 /* Products */;
			projectDirPath = "";
			projectRoot = "";
			targets = (
				774F36501FADBC68008497D6 /* Algoritme */,
			);
		};
/* End PBXProject section */

/* Begin PBXResourcesBuildPhase section */
		774F364F1FADBC68008497D6 /* Resources */ = {
			isa = PBXResourcesBuildPhase;
			buildActionMask = 2147483647;
			files = (
				774F36591FADBC68008497D6 /* Assets.xcassets in Resources */,
				774F365C1FADBC68008497D6 /* Main.storyboard in Resources */,
				77061C651FDA9DA500F3ED91 /* CollectionViewItem.xib in Resources */,
			);
			runOnlyForDeploymentPostprocessing = 0;
		};
/* End PBXResourcesBuildPhase section */

/* Begin PBXSourcesBuildPhase section */
		774F364D1FADBC68008497D6 /* Sources */ = {
			isa = PBXSourcesBuildPhase;
			buildActionMask = 2147483647;
			files = (
				774F36831FAFABE2008497D6 /* OrderBasedMutation.swift in Sources */,
				77AF4D631FED3B0600E691A5 /* BinPackModel.m in Sources */,
				7791D01A1FD3F6810012D70D /* SolutionILS.swift in Sources */,
				774F36791FAF1F16008497D6 /* OnePointCrossover.swift in Sources */,
				774F36571FADBC68008497D6 /* ViewController.swift in Sources */,
				77061C681FDA9EEA00F3ED91 /* Timetabling.swift in Sources */,
				774F36811FAFABD9008497D6 /* OrderBasedMutationVC.swift in Sources */,
				77B6837B1FC2193C00035679 /* Permutator.swift in Sources */,
				774F36641FADBD2C008497D6 /* OrderBased.swift in Sources */,
				774F367E1FAF5E5C008497D6 /* TwoPointCrossOverVC.swift in Sources */,
				774F366F1FAE533C008497D6 /* PositionBased.swift in Sources */,
				774F36661FADF507008497D6 /* Sequence.swift in Sources */,
				77C18C961FEC717E00829579 /* String.swift in Sources */,
				77C18C941FEA962600829579 /* BinPacking.swift in Sources */,
				77061C661FDA9DA500F3ED91 /* CollectionViewItem.swift in Sources */,
				77B6837D1FC2198500035679 /* NeighbourhoodVC.swift in Sources */,
				774F36771FAF1EF0008497D6 /* OnePointCrossoverVC.swift in Sources */,
				77061C5E1FDA93EA00F3ED91 /* IETimetabling.swift in Sources */,
				774F367C1FAF5E46008497D6 /* TwoPointCrossOver.swift in Sources */,
				774F366B1FAE4FEC008497D6 /* PositionBasedVC.swift in Sources */,
				774F36681FAE4D88008497D6 /* TextFieldFormatter.swift in Sources */,
				774F36551FADBC68008497D6 /* AppDelegate.swift in Sources */,
				77C18C921FEA507200829579 /* BinPackingHeuristics.swift in Sources */,
				7707C6C21FED161B00AEE89E /* BinPackObjC.m in Sources */,
				7791D01C1FD3F7100012D70D /* ILSViewController.swift in Sources */,
			);
			runOnlyForDeploymentPostprocessing = 0;
		};
/* End PBXSourcesBuildPhase section */

/* Begin PBXVariantGroup section */
		774F365A1FADBC68008497D6 /* Main.storyboard */ = {
			isa = PBXVariantGroup;
			children = (
				774F365B1FADBC68008497D6 /* Base */,
			);
			name = Main.storyboard;
			sourceTree = "<group>";
		};
/* End PBXVariantGroup section */

/* Begin XCBuildConfiguration section */
		774F365E1FADBC68008497D6 /* Debug */ = {
			isa = XCBuildConfiguration;
			buildSettings = {
				ALWAYS_SEARCH_USER_PATHS = NO;
				CLANG_ANALYZER_NONNULL = YES;
				CLANG_CXX_LANGUAGE_STANDARD = "gnu++0x";
				CLANG_CXX_LIBRARY = "libc++";
				CLANG_ENABLE_MODULES = YES;
				CLANG_ENABLE_OBJC_ARC = YES;
				CLANG_WARN_BOOL_CONVERSION = YES;
				CLANG_WARN_CONSTANT_CONVERSION = YES;
				CLANG_WARN_DIRECT_OBJC_ISA_USAGE = YES_ERROR;
				CLANG_WARN_DOCUMENTATION_COMMENTS = YES;
				CLANG_WARN_EMPTY_BODY = YES;
				CLANG_WARN_ENUM_CONVERSION = YES;
				CLANG_WARN_INFINITE_RECURSION = YES;
				CLANG_WARN_INT_CONVERSION = YES;
				CLANG_WARN_OBJC_ROOT_CLASS = YES_ERROR;
				CLANG_WARN_SUSPICIOUS_MOVE = YES;
				CLANG_WARN_UNREACHABLE_CODE = YES;
				CLANG_WARN__DUPLICATE_METHOD_MATCH = YES;
				CODE_SIGN_IDENTITY = "-";
				COPY_PHASE_STRIP = NO;
				DEBUG_INFORMATION_FORMAT = dwarf;
				ENABLE_STRICT_OBJC_MSGSEND = YES;
				ENABLE_TESTABILITY = YES;
				GCC_C_LANGUAGE_STANDARD = gnu99;
				GCC_DYNAMIC_NO_PIC = NO;
				GCC_NO_COMMON_BLOCKS = YES;
				GCC_OPTIMIZATION_LEVEL = 0;
				GCC_PREPROCESSOR_DEFINITIONS = (
					"DEBUG=1",
					"$(inherited)",
				);
				GCC_WARN_64_TO_32_BIT_CONVERSION = YES;
				GCC_WARN_ABOUT_RETURN_TYPE = YES_ERROR;
				GCC_WARN_UNDECLARED_SELECTOR = YES;
				GCC_WARN_UNINITIALIZED_AUTOS = YES_AGGRESSIVE;
				GCC_WARN_UNUSED_FUNCTION = YES;
				GCC_WARN_UNUSED_VARIABLE = YES;
				MACOSX_DEPLOYMENT_TARGET = 10.11;
				MTL_ENABLE_DEBUG_INFO = YES;
				ONLY_ACTIVE_ARCH = YES;
				SDKROOT = macosx;
				SWIFT_ACTIVE_COMPILATION_CONDITIONS = DEBUG;
				SWIFT_OPTIMIZATION_LEVEL = "-Onone";
			};
			name = Debug;
		};
		774F365F1FADBC68008497D6 /* Release */ = {
			isa = XCBuildConfiguration;
			buildSettings = {
				ALWAYS_SEARCH_USER_PATHS = NO;
				CLANG_ANALYZER_NONNULL = YES;
				CLANG_CXX_LANGUAGE_STANDARD = "gnu++0x";
				CLANG_CXX_LIBRARY = "libc++";
				CLANG_ENABLE_MODULES = YES;
				CLANG_ENABLE_OBJC_ARC = YES;
				CLANG_WARN_BOOL_CONVERSION = YES;
				CLANG_WARN_CONSTANT_CONVERSION = YES;
				CLANG_WARN_DIRECT_OBJC_ISA_USAGE = YES_ERROR;
				CLANG_WARN_DOCUMENTATION_COMMENTS = YES;
				CLANG_WARN_EMPTY_BODY = YES;
				CLANG_WARN_ENUM_CONVERSION = YES;
				CLANG_WARN_INFINITE_RECURSION = YES;
				CLANG_WARN_INT_CONVERSION = YES;
				CLANG_WARN_OBJC_ROOT_CLASS = YES_ERROR;
				CLANG_WARN_SUSPICIOUS_MOVE = YES;
				CLANG_WARN_UNREACHABLE_CODE = YES;
				CLANG_WARN__DUPLICATE_METHOD_MATCH = YES;
				CODE_SIGN_IDENTITY = "-";
				COPY_PHASE_STRIP = NO;
				DEBUG_INFORMATION_FORMAT = "dwarf-with-dsym";
				ENABLE_NS_ASSERTIONS = NO;
				ENABLE_STRICT_OBJC_MSGSEND = YES;
				GCC_C_LANGUAGE_STANDARD = gnu99;
				GCC_NO_COMMON_BLOCKS = YES;
				GCC_WARN_64_TO_32_BIT_CONVERSION = YES;
				GCC_WARN_ABOUT_RETURN_TYPE = YES_ERROR;
				GCC_WARN_UNDECLARED_SELECTOR = YES;
				GCC_WARN_UNINITIALIZED_AUTOS = YES_AGGRESSIVE;
				GCC_WARN_UNUSED_FUNCTION = YES;
				GCC_WARN_UNUSED_VARIABLE = YES;
				MACOSX_DEPLOYMENT_TARGET = 10.11;
				MTL_ENABLE_DEBUG_INFO = NO;
				SDKROOT = macosx;
				SWIFT_OPTIMIZATION_LEVEL = "-Owholemodule";
			};
			name = Release;
		};
		774F36611FADBC68008497D6 /* Debug */ = {
			isa = XCBuildConfiguration;
			buildSettings = {
				ASSETCATALOG_COMPILER_APPICON_NAME = AppIcon;
				CLANG_ENABLE_MODULES = YES;
				COMBINE_HIDPI_IMAGES = YES;
				DEVELOPMENT_TEAM = A4L93BSQEG;
				INFOPLIST_FILE = Algoritme/Info.plist;
				LD_RUNPATH_SEARCH_PATHS = "$(inherited) @executable_path/../Frameworks";
				PRODUCT_BUNDLE_IDENTIFIER = com.egzon.arifi.Algoritme;
				PRODUCT_NAME = "$(TARGET_NAME)";
				SWIFT_OBJC_BRIDGING_HEADER = "Algoritme/Algoritme-Bridging-Header.h";
				SWIFT_OPTIMIZATION_LEVEL = "-Onone";
				SWIFT_VERSION = 3.0;
			};
			name = Debug;
		};
		774F36621FADBC68008497D6 /* Release */ = {
			isa = XCBuildConfiguration;
			buildSettings = {
				ASSETCATALOG_COMPILER_APPICON_NAME = AppIcon;
				CLANG_ENABLE_MODULES = YES;
				COMBINE_HIDPI_IMAGES = YES;
				DEVELOPMENT_TEAM = A4L93BSQEG;
				INFOPLIST_FILE = Algoritme/Info.plist;
				LD_RUNPATH_SEARCH_PATHS = "$(inherited) @executable_path/../Frameworks";
				PRODUCT_BUNDLE_IDENTIFIER = com.egzon.arifi.Algoritme;
				PRODUCT_NAME = "$(TARGET_NAME)";
				SWIFT_OBJC_BRIDGING_HEADER = "Algoritme/Algoritme-Bridging-Header.h";
				SWIFT_VERSION = 3.0;
			};
			name = Release;
		};
/* End XCBuildConfiguration section */

/* Begin XCConfigurationList section */
		774F364C1FADBC68008497D6 /* Build configuration list for PBXProject "Algoritme" */ = {
			isa = XCConfigurationList;
			buildConfigurations = (
				774F365E1FADBC68008497D6 /* Debug */,
				774F365F1FADBC68008497D6 /* Release */,
			);
			defaultConfigurationIsVisible = 0;
			defaultConfigurationName = Release;
		};
		774F36601FADBC68008497D6 /* Build configuration list for PBXNativeTarget "Algoritme" */ = {
			isa = XCConfigurationList;
			buildConfigurations = (
				774F36611FADBC68008497D6 /* Debug */,
				774F36621FADBC68008497D6 /* Release */,
			);
			defaultConfigurationIsVisible = 0;
			defaultConfigurationName = Release;
		};
/* End XCConfigurationList section */
	};
	rootObject = 774F36491FADBC68008497D6 /* Project object */;
}
